
Microsoft Visual Studio Solution File, Format Version 12.00
# Visual Studio Version 17
VisualStudioVersion = 17.2.32630.192
MinimumVisualStudioVersion = 10.0.40219.1
Project("{FAE04EC0-301F-11D3-BF4B-00C04F79EFBC}") = "TaisiyLog", "TaisiyLog.csproj", "{ECB63903-B81E-4D11-9F28-9F86E970EF5B}"
EndProject
Global
	GlobalSection(SolutionConfigurationPlatforms) = preSolution
		Debug|Any CPU = Debug|Any CPU
		Release|Any CPU = Release|Any CPU
	EndGlobalSection
	GlobalSection(ProjectConfigurationPlatforms) = postSolution
		{ECB63903-B81E-4D11-9F28-9F86E970EF5B}.Debug|Any CPU.ActiveCfg = Debug|Any CPU
		{ECB63903-B81E-4D11-9F28-9F86E970EF5B}.Debug|Any CPU.Build.0 = Debug|Any CPU
		{ECB63903-B81E-4D11-9F28-9F86E970EF5B}.Release|Any CPU.ActiveCfg = Release|Any CPU
		{ECB63903-B81E-4D11-9F28-9F86E970EF5B}.Release|Any CPU.Build.0 = Release|Any CPU
	EndGlobalSection
	GlobalSection(SolutionProperties) = preSolution
		HideSolutionNode = FALSE
	EndGlobalSection
	GlobalSection(ExtensibilityGlobals) = postSolution
		SolutionGuid = {F315C852-2083-488B-8F8C-A6495CE11F53}
	EndGlobalSection
EndGlobal
